// !$*UTF8*$!
{
	archiveVersion = 1;
	classes = {
	};
	objectVersion = 77;
	objects = {

/* Begin PBXBuildFile section */
		84080BC12E28474600F965A1 /* FastVLM.framework in Frameworks */ = {isa = PBXBuildFile; fileRef = 84080BB92E28474600F965A1 /* FastVLM.framework */; };
		84080BC32E28474600F965A1 /* FastVLM.framework in Embed Frameworks */ = {isa = PBXBuildFile; fileRef = 84080BB92E28474600F965A1 /* FastVLM.framework */; settings = {ATTRIBUTES = (CodeSignOnCopy, RemoveHeadersOnCopy, ); }; };
		84080BF42E2847DC00F965A1 /* Transformers in Frameworks */ = {isa = PBXBuildFile; productRef = 84080BF32E2847DC00F965A1 /* Transformers */; };
		84080BF62E2847E200F965A1 /* MLX in Frameworks */ = {isa = PBXBuildFile; productRef = 84080BF52E2847E200F965A1 /* MLX */; };
		84080BF82E2847E600F965A1 /* MLXVLM in Frameworks */ = {isa = PBXBuildFile; productRef = 84080BF72E2847E600F965A1 /* MLXVLM */; };
		84080BFA2E2847F000F965A1 /* MLXNN in Frameworks */ = {isa = PBXBuildFile; productRef = 84080BF92E2847F000F965A1 /* MLXNN */; };
		84080BFC2E2847F500F965A1 /* MLXFast in Frameworks */ = {isa = PBXBuildFile; productRef = 84080BFB2E2847F500F965A1 /* MLXFast */; };
		84080BFE2E28481800F965A1 /* MLXLMCommon in Frameworks */ = {isa = PBXBuildFile; productRef = 84080BFD2E28481800F965A1 /* MLXLMCommon */; };
		8423D9072E0A696E00463407 /* MLX in Frameworks */ = {isa = PBXBuildFile; productRef = 8423D9062E0A696E00463407 /* MLX */; };
		8423D90D2E0A696E00463407 /* MLXRandom in Frameworks */ = {isa = PBXBuildFile; productRef = 8423D90C2E0A696E00463407 /* MLXRandom */; };
		8423D9102E0A69A300463407 /* MLXLMCommon in Frameworks */ = {isa = PBXBuildFile; productRef = 8423D90F2E0A69A300463407 /* MLXLMCommon */; };
		8423D9122E0A69A300463407 /* MLXVLM in Frameworks */ = {isa = PBXBuildFile; productRef = 8423D9112E0A69A300463407 /* MLXVLM */; };
		8439DE302E2F155700C3850B /* Auth in Frameworks */ = {isa = PBXBuildFile; productRef = 8439DE2F2E2F155700C3850B /* Auth */; };
		8439DE322E2F155700C3850B /* Functions in Frameworks */ = {isa = PBXBuildFile; productRef = 8439DE312E2F155700C3850B /* Functions */; };
		8439DE342E2F155700C3850B /* PostgREST in Frameworks */ = {isa = PBXBuildFile; productRef = 8439DE332E2F155700C3850B /* PostgREST */; };
		8439DE362E2F155700C3850B /* Realtime in Frameworks */ = {isa = PBXBuildFile; productRef = 8439DE352E2F155700C3850B /* Realtime */; };
		8439DE382E2F155700C3850B /* Storage in Frameworks */ = {isa = PBXBuildFile; productRef = 8439DE372E2F155700C3850B /* Storage */; };
		8439DE3A2E2F155700C3850B /* Supabase in Frameworks */ = {isa = PBXBuildFile; productRef = 8439DE392E2F155700C3850B /* Supabase */; };
		844535F32DFAB1CC00F0BC04 /* Starscream in Frameworks */ = {isa = PBXBuildFile; productRef = 844535F22DFAB1CC00F0BC04 /* Starscream */; };
		8494C5112E516A9C004AB96F /* Assets.xcassets in Resources */ = {isa = PBXBuildFile; fileRef = 8494C50C2E516A9C004AB96F /* Assets.xcassets */; };
		8494C5122E516A9C004AB96F /* LogModels.swift in Sources */ = {isa = PBXBuildFile; fileRef = 8494C4EF2E516A9C004AB96F /* LogModels.swift */; };
		8494C5132E516A9C004AB96F /* DebugTabView.swift in Sources */ = {isa = PBXBuildFile; fileRef = 8494C5022E516A9C004AB96F /* DebugTabView.swift */; };
		8494C5142E516A9C004AB96F /* Quotes.swift in Sources */ = {isa = PBXBuildFile; fileRef = 8494C4F92E516A9C004AB96F /* Quotes.swift */; };
		8494C5152E516A9C004AB96F /* CompatibilityCheckView.swift in Sources */ = {isa = PBXBuildFile; fileRef = 8494C5012E516A9C004AB96F /* CompatibilityCheckView.swift */; };
		8494C5162E516A9C004AB96F /* Orion_LiveApp.swift in Sources */ = {isa = PBXBuildFile; fileRef = 8494C50F2E516A9C004AB96F /* Orion_LiveApp.swift */; };
		8494C5172E516A9C004AB96F /* DeviceModels.swift in Sources */ = {isa = PBXBuildFile; fileRef = 8494C4ED2E516A9C004AB96F /* DeviceModels.swift */; };
		8494C5182E516A9C004AB96F /* CameraManager.swift in Sources */ = {isa = PBXBuildFile; fileRef = 8494C4E52E516A9C004AB96F /* CameraManager.swift */; };
		8494C5192E516A9C004AB96F /* DeviceManager.swift in Sources */ = {isa = PBXBuildFile; fileRef = 8494C4F32E516A9C004AB96F /* DeviceManager.swift */; };
		8494C51A2E516A9C004AB96F /* ContentView.swift in Sources */ = {isa = PBXBuildFile; fileRef = 8494C50D2E516A9C004AB96F /* ContentView.swift */; };
		8494C51B2E516A9C004AB96F /* RTCIceConnectionState+Extensions.swift in Sources */ = {isa = PBXBuildFile; fileRef = 8494C4FA2E516A9C004AB96F /* RTCIceConnectionState+Extensions.swift */; };
		8494C51C2E516A9C004AB96F /* APIService.swift in Sources */ = {isa = PBXBuildFile; fileRef = 8494C4F22E516A9C004AB96F /* APIService.swift */; };
		8494C51D2E516A9C004AB96F /* Logger.swift in Sources */ = {isa = PBXBuildFile; fileRef = 8494C4F82E516A9C004AB96F /* Logger.swift */; };
		8494C51E2E516A9C004AB96F /* SystemCompatibilityManager.swift in Sources */ = {isa = PBXBuildFile; fileRef = 8494C4FC2E516A9C004AB96F /* SystemCompatibilityManager.swift */; };
		8494C51F2E516A9C004AB96F /* Detection.swift in Sources */ = {isa = PBXBuildFile; fileRef = 8494C4EC2E516A9C004AB96F /* Detection.swift */; };
		8494C5202E516A9C004AB96F /* AuthManager.swift in Sources */ = {isa = PBXBuildFile; fileRef = 8494C4DF2E516A9C004AB96F /* AuthManager.swift */; };
		8494C5212E516A9C004AB96F /* CameraView.swift in Sources */ = {isa = PBXBuildFile; fileRef = 8494C4E62E516A9C004AB96F /* CameraView.swift */; };
		8494C5222E516A9C004AB96F /* FastVLMModel.swift in Sources */ = {isa = PBXBuildFile; fileRef = 8494C50E2E516A9C004AB96F /* FastVLMModel.swift */; };
		8494C5232E516A9C004AB96F /* LoginView.swift in Sources */ = {isa = PBXBuildFile; fileRef = 8494C5042E516A9C004AB96F /* LoginView.swift */; };
		8494C5242E516A9C004AB96F /* CameraSwitcherOverlay.swift in Sources */ = {isa = PBXBuildFile; fileRef = 8494C4FF2E516A9C004AB96F /* CameraSwitcherOverlay.swift */; };
		8494C5252E516A9C004AB96F /* yolo11n.mlpackage in Sources */ = {isa = PBXBuildFile; fileRef = 8494C4E82E516A9C004AB96F /* yolo11n.mlpackage */; };
		8494C5262E516A9C004AB96F /* KeyframeVideoCapturer.swift in Sources */ = {isa = PBXBuildFile; fileRef = 8494C4E32E516A9C004AB96F /* KeyframeVideoCapturer.swift */; };
		8494C5272E516A9C004AB96F /* CameraTabView.swift in Sources */ = {isa = PBXBuildFile; fileRef = 8494C5002E516A9C004AB96F /* CameraTabView.swift */; };
		8494C5282E516A9C004AB96F /* H264Encoder.swift in Sources */ = {isa = PBXBuildFile; fileRef = 8494C4E12E516A9C004AB96F /* H264Encoder.swift */; };
		8494C5292E516A9C004AB96F /* Constants.swift in Sources */ = {isa = PBXBuildFile; fileRef = 8494C4F72E516A9C004AB96F /* Constants.swift */; };
		8494C52A2E516A9C004AB96F /* StartView.swift in Sources */ = {isa = PBXBuildFile; fileRef = 8494C5072E516A9C004AB96F /* StartView.swift */; };
		8494C52B2E516A9C004AB96F /* Bbox.swift in Sources */ = {isa = PBXBuildFile; fileRef = 8494C4F62E516A9C004AB96F /* Bbox.swift */; };
		8494C52C2E516A9C004AB96F /* DevicePairingView.swift in Sources */ = {isa = PBXBuildFile; fileRef = 8494C5032E516A9C004AB96F /* DevicePairingView.swift */; };
		8494C52D2E516A9C004AB96F /* FrameAnalysisLog.swift in Sources */ = {isa = PBXBuildFile; fileRef = 8494C4EE2E516A9C004AB96F /* FrameAnalysisLog.swift */; };
		8494C52E2E516A9C004AB96F /* SettingsView.swift in Sources */ = {isa = PBXBuildFile; fileRef = 8494C5062E516A9C004AB96F /* SettingsView.swift */; };
		8494C52F2E516A9C004AB96F /* SignalingClient.swift in Sources */ = {isa = PBXBuildFile; fileRef = 8494C5092E516A9C004AB96F /* SignalingClient.swift */; };
		8494C5302E516A9C004AB96F /* NetworkDetection.swift in Sources */ = {isa = PBXBuildFile; fileRef = 8494C4F02E516A9C004AB96F /* NetworkDetection.swift */; };
		8494C5312E516A9C004AB96F /* ObjectDetector.swift in Sources */ = {isa = PBXBuildFile; fileRef = 8494C4EA2E516A9C004AB96F /* ObjectDetector.swift */; };
		8494C5322E516A9C004AB96F /* WebSocketManager.swift in Sources */ = {isa = PBXBuildFile; fileRef = 8494C4F42E516A9C004AB96F /* WebSocketManager.swift */; };
		8494C5332E516A9C004AB96F /* SettingsTabView.swift in Sources */ = {isa = PBXBuildFile; fileRef = 8494C5052E516A9C004AB96F /* SettingsTabView.swift */; };
		8494C5342E516A9C004AB96F /* SettingsManager.swift in Sources */ = {isa = PBXBuildFile; fileRef = 8494C4FB2E516A9C004AB96F /* SettingsManager.swift */; };
		8494C5352E516A9C004AB96F /* AccountView.swift in Sources */ = {isa = PBXBuildFile; fileRef = 8494C4FE2E516A9C004AB96F /* AccountView.swift */; };
		8494C5362E516A9C004AB96F /* KeyframePipeline.swift in Sources */ = {isa = PBXBuildFile; fileRef = 8494C4E22E516A9C004AB96F /* KeyframePipeline.swift */; };
		8494C5372E516A9C004AB96F /* WebRTCManager.swift in Sources */ = {isa = PBXBuildFile; fileRef = 8494C50A2E516A9C004AB96F /* WebRTCManager.swift */; };
		8496D2132E4ED8A000639DA5 /* WebRTC in Frameworks */ = {isa = PBXBuildFile; productRef = 8496D2122E4ED8A000639DA5 /* WebRTC */; };
		84A5FDC42E31AE7F00DCD819 /* LaunchScreen.storyboard in Resources */ = {isa = PBXBuildFile; fileRef = 84A5FDC32E31AE7F00DCD819 /* LaunchScreen.storyboard */; };
		84FEC2302E00E4E400362F8A /* .gitignore in Resources */ = {isa = PBXBuildFile; fileRef = 84FEC22F2E00E4E400362F8A /* .gitignore */; };
		84FEC2352E00E56C00362F8A /* LICENSE in Resources */ = {isa = PBXBuildFile; fileRef = 84FEC2342E00E56900362F8A /* LICENSE */; };
/* End PBXBuildFile section */

/* Begin PBXContainerItemProxy section */
		84080BBF2E28474600F965A1 /* PBXContainerItemProxy */ = {
			isa = PBXContainerItemProxy;
			containerPortal = 84270E512DFAAB5D00AF2664 /* Project object */;
			proxyType = 1;
			remoteGlobalIDString = 84080BB82E28474600F965A1;
			remoteInfo = FastVLM;
		};
/* End PBXContainerItemProxy section */

/* Begin PBXCopyFilesBuildPhase section */
		84080BC22E28474600F965A1 /* Embed Frameworks */ = {
			isa = PBXCopyFilesBuildPhase;
			buildActionMask = 2147483647;
			dstPath = "";
			dstSubfolderSpec = 10;
			files = (
				84080BC32E28474600F965A1 /* FastVLM.framework in Embed Frameworks */,
			);
			name = "Embed Frameworks";
			runOnlyForDeploymentPostprocessing = 0;
		};
/* End PBXCopyFilesBuildPhase section */

/* Begin PBXFileReference section */
		84080BB92E28474600F965A1 /* FastVLM.framework */ = {isa = PBXFileReference; explicitFileType = wrapper.framework; includeInIndex = 0; path = FastVLM.framework; sourceTree = BUILT_PRODUCTS_DIR; };
		84270E592DFAAB5D00AF2664 /* Orion Live.app */ = {isa = PBXFileReference; explicitFileType = wrapper.application; includeInIndex = 0; path = "Orion Live.app"; sourceTree = BUILT_PRODUCTS_DIR; };
		8494C4DF2E516A9C004AB96F /* AuthManager.swift */ = {isa = PBXFileReference; lastKnownFileType = sourcecode.swift; path = AuthManager.swift; sourceTree = "<group>"; };
		8494C4E12E516A9C004AB96F /* H264Encoder.swift */ = {isa = PBXFileReference; lastKnownFileType = sourcecode.swift; path = H264Encoder.swift; sourceTree = "<group>"; };
		8494C4E22E516A9C004AB96F /* KeyframePipeline.swift */ = {isa = PBXFileReference; lastKnownFileType = sourcecode.swift; path = KeyframePipeline.swift; sourceTree = "<group>"; };
		8494C4E32E516A9C004AB96F /* KeyframeVideoCapturer.swift */ = {isa = PBXFileReference; lastKnownFileType = sourcecode.swift; path = KeyframeVideoCapturer.swift; sourceTree = "<group>"; };
		8494C4E52E516A9C004AB96F /* CameraManager.swift */ = {isa = PBXFileReference; lastKnownFileType = sourcecode.swift; path = CameraManager.swift; sourceTree = "<group>"; };
		8494C4E62E516A9C004AB96F /* CameraView.swift */ = {isa = PBXFileReference; lastKnownFileType = sourcecode.swift; path = CameraView.swift; sourceTree = "<group>"; };
		8494C4E82E516A9C004AB96F /* yolo11n.mlpackage */ = {isa = PBXFileReference; lastKnownFileType = folder.mlpackage; path = yolo11n.mlpackage; sourceTree = "<group>"; };
		8494C4EA2E516A9C004AB96F /* ObjectDetector.swift */ = {isa = PBXFileReference; lastKnownFileType = sourcecode.swift; path = ObjectDetector.swift; sourceTree = "<group>"; };
		8494C4EC2E516A9C004AB96F /* Detection.swift */ = {isa = PBXFileReference; lastKnownFileType = sourcecode.swift; path = Detection.swift; sourceTree = "<group>"; };
		8494C4ED2E516A9C004AB96F /* DeviceModels.swift */ = {isa = PBXFileReference; lastKnownFileType = sourcecode.swift; path = DeviceModels.swift; sourceTree = "<group>"; };
		8494C4EE2E516A9C004AB96F /* FrameAnalysisLog.swift */ = {isa = PBXFileReference; lastKnownFileType = sourcecode.swift; path = FrameAnalysisLog.swift; sourceTree = "<group>"; };
		8494C4EF2E516A9C004AB96F /* LogModels.swift */ = {isa = PBXFileReference; lastKnownFileType = sourcecode.swift; path = LogModels.swift; sourceTree = "<group>"; };
		8494C4F02E516A9C004AB96F /* NetworkDetection.swift */ = {isa = PBXFileReference; lastKnownFileType = sourcecode.swift; path = NetworkDetection.swift; sourceTree = "<group>"; };
		8494C4F22E516A9C004AB96F /* APIService.swift */ = {isa = PBXFileReference; lastKnownFileType = sourcecode.swift; path = APIService.swift; sourceTree = "<group>"; };
		8494C4F32E516A9C004AB96F /* DeviceManager.swift */ = {isa = PBXFileReference; lastKnownFileType = sourcecode.swift; path = DeviceManager.swift; sourceTree = "<group>"; };
		8494C4F42E516A9C004AB96F /* WebSocketManager.swift */ = {isa = PBXFileReference; lastKnownFileType = sourcecode.swift; path = WebSocketManager.swift; sourceTree = "<group>"; };
		8494C4F62E516A9C004AB96F /* Bbox.swift */ = {isa = PBXFileReference; lastKnownFileType = sourcecode.swift; path = Bbox.swift; sourceTree = "<group>"; };
		8494C4F72E516A9C004AB96F /* Constants.swift */ = {isa = PBXFileReference; lastKnownFileType = sourcecode.swift; path = Constants.swift; sourceTree = "<group>"; };
		8494C4F82E516A9C004AB96F /* Logger.swift */ = {isa = PBXFileReference; lastKnownFileType = sourcecode.swift; path = Logger.swift; sourceTree = "<group>"; };
		8494C4F92E516A9C004AB96F /* Quotes.swift */ = {isa = PBXFileReference; lastKnownFileType = sourcecode.swift; path = Quotes.swift; sourceTree = "<group>"; };
		8494C4FA2E516A9C004AB96F /* RTCIceConnectionState+Extensions.swift */ = {isa = PBXFileReference; lastKnownFileType = sourcecode.swift; path = "RTCIceConnectionState+Extensions.swift"; sourceTree = "<group>"; };
		8494C4FB2E516A9C004AB96F /* SettingsManager.swift */ = {isa = PBXFileReference; lastKnownFileType = sourcecode.swift; path = SettingsManager.swift; sourceTree = "<group>"; };
		8494C4FC2E516A9C004AB96F /* SystemCompatibilityManager.swift */ = {isa = PBXFileReference; lastKnownFileType = sourcecode.swift; path = SystemCompatibilityManager.swift; sourceTree = "<group>"; };
		8494C4FE2E516A9C004AB96F /* AccountView.swift */ = {isa = PBXFileReference; lastKnownFileType = sourcecode.swift; path = AccountView.swift; sourceTree = "<group>"; };
		8494C4FF2E516A9C004AB96F /* CameraSwitcherOverlay.swift */ = {isa = PBXFileReference; lastKnownFileType = sourcecode.swift; path = CameraSwitcherOverlay.swift; sourceTree = "<group>"; };
		8494C5002E516A9C004AB96F /* CameraTabView.swift */ = {isa = PBXFileReference; lastKnownFileType = sourcecode.swift; path = CameraTabView.swift; sourceTree = "<group>"; };
		8494C5012E516A9C004AB96F /* CompatibilityCheckView.swift */ = {isa = PBXFileReference; lastKnownFileType = sourcecode.swift; path = CompatibilityCheckView.swift; sourceTree = "<group>"; };
		8494C5022E516A9C004AB96F /* DebugTabView.swift */ = {isa = PBXFileReference; lastKnownFileType = sourcecode.swift; path = DebugTabView.swift; sourceTree = "<group>"; };
		8494C5032E516A9C004AB96F /* DevicePairingView.swift */ = {isa = PBXFileReference; lastKnownFileType = sourcecode.swift; path = DevicePairingView.swift; sourceTree = "<group>"; };
		8494C5042E516A9C004AB96F /* LoginView.swift */ = {isa = PBXFileReference; lastKnownFileType = sourcecode.swift; path = LoginView.swift; sourceTree = "<group>"; };
		8494C5052E516A9C004AB96F /* SettingsTabView.swift */ = {isa = PBXFileReference; lastKnownFileType = sourcecode.swift; path = SettingsTabView.swift; sourceTree = "<group>"; };
		8494C5062E516A9C004AB96F /* SettingsView.swift */ = {isa = PBXFileReference; lastKnownFileType = sourcecode.swift; path = SettingsView.swift; sourceTree = "<group>"; };
		8494C5072E516A9C004AB96F /* StartView.swift */ = {isa = PBXFileReference; lastKnownFileType = sourcecode.swift; path = StartView.swift; sourceTree = "<group>"; };
		8494C5092E516A9C004AB96F /* SignalingClient.swift */ = {isa = PBXFileReference; lastKnownFileType = sourcecode.swift; path = SignalingClient.swift; sourceTree = "<group>"; };
		8494C50A2E516A9C004AB96F /* WebRTCManager.swift */ = {isa = PBXFileReference; lastKnownFileType = sourcecode.swift; path = WebRTCManager.swift; sourceTree = "<group>"; };
		8494C50C2E516A9C004AB96F /* Assets.xcassets */ = {isa = PBXFileReference; lastKnownFileType = folder.assetcatalog; path = Assets.xcassets; sourceTree = "<group>"; };
		8494C50D2E516A9C004AB96F /* ContentView.swift */ = {isa = PBXFileReference; lastKnownFileType = sourcecode.swift; path = ContentView.swift; sourceTree = "<group>"; };
		8494C50E2E516A9C004AB96F /* FastVLMModel.swift */ = {isa = PBXFileReference; lastKnownFileType = sourcecode.swift; path = FastVLMModel.swift; sourceTree = "<group>"; };
		8494C50F2E516A9C004AB96F /* Orion_LiveApp.swift */ = {isa = PBXFileReference; lastKnownFileType = sourcecode.swift; path = Orion_LiveApp.swift; sourceTree = "<group>"; };
		8494C5382E516AAC004AB96F /* Orion_Live.entitlements */ = {isa = PBXFileReference; lastKnownFileType = text.plist.entitlements; path = Orion_Live.entitlements; sourceTree = "<group>"; };
		8494C5392E516ABC004AB96F /* Info.plist */ = {isa = PBXFileReference; lastKnownFileType = text.plist.xml; path = Info.plist; sourceTree = "<group>"; };
		84A5FDC32E31AE7F00DCD819 /* LaunchScreen.storyboard */ = {isa = PBXFileReference; lastKnownFileType = file.storyboard; path = LaunchScreen.storyboard; sourceTree = "<group>"; };
		84FEC22F2E00E4E400362F8A /* .gitignore */ = {isa = PBXFileReference; lastKnownFileType = text; path = .gitignore; sourceTree = "<group>"; };
		84FEC2312E00E54D00362F8A /* README.md */ = {isa = PBXFileReference; lastKnownFileType = net.daringfireball.markdown; path = README.md; sourceTree = "<group>"; };
		84FEC2342E00E56900362F8A /* LICENSE */ = {isa = PBXFileReference; lastKnownFileType = text; path = LICENSE; sourceTree = "<group>"; };
/* End PBXFileReference section */

/* Begin PBXFileSystemSynchronizedRootGroup section */
		84080BA12E28467600F965A1 /* FastVLM */ = {
			isa = PBXFileSystemSynchronizedRootGroup;
			path = FastVLM;
			sourceTree = "<group>";
		};
/* End PBXFileSystemSynchronizedRootGroup section */

/* Begin PBXFrameworksBuildPhase section */
		84080BB62E28474600F965A1 /* Frameworks */ = {
			isa = PBXFrameworksBuildPhase;
			buildActionMask = 2147483647;
			files = (
				84080BF62E2847E200F965A1 /* MLX in Frameworks */,
				84080BF42E2847DC00F965A1 /* Transformers in Frameworks */,
				84080BFA2E2847F000F965A1 /* MLXNN in Frameworks */,
				84080BFC2E2847F500F965A1 /* MLXFast in Frameworks */,
				84080BFE2E28481800F965A1 /* MLXLMCommon in Frameworks */,
				84080BF82E2847E600F965A1 /* MLXVLM in Frameworks */,
			);
			runOnlyForDeploymentPostprocessing = 0;
		};
		84270E562DFAAB5D00AF2664 /* Frameworks */ = {
			isa = PBXFrameworksBuildPhase;
			buildActionMask = 2147483647;
			files = (
				8496D2132E4ED8A000639DA5 /* WebRTC in Frameworks */,
				8423D9072E0A696E00463407 /* MLX in Frameworks */,
				8423D9122E0A69A300463407 /* MLXVLM in Frameworks */,
				8439DE382E2F155700C3850B /* Storage in Frameworks */,
				8439DE322E2F155700C3850B /* Functions in Frameworks */,
				8439DE362E2F155700C3850B /* Realtime in Frameworks */,
				8439DE342E2F155700C3850B /* PostgREST in Frameworks */,
				8423D90D2E0A696E00463407 /* MLXRandom in Frameworks */,
				8439DE302E2F155700C3850B /* Auth in Frameworks */,
				8439DE3A2E2F155700C3850B /* Supabase in Frameworks */,
				8423D9102E0A69A300463407 /* MLXLMCommon in Frameworks */,
				84080BC12E28474600F965A1 /* FastVLM.framework in Frameworks */,
				844535F32DFAB1CC00F0BC04 /* Starscream in Frameworks */,
			);
			runOnlyForDeploymentPostprocessing = 0;
		};
/* End PBXFrameworksBuildPhase section */

/* Begin PBXGroup section */
		84080BF22E2847DC00F965A1 /* Frameworks */ = {
			isa = PBXGroup;
			children = (
			);
			name = Frameworks;
			sourceTree = "<group>";
		};
		84270E502DFAAB5D00AF2664 = {
			isa = PBXGroup;
			children = (
				8494C5392E516ABC004AB96F /* Info.plist */,
				8494C5382E516AAC004AB96F /* Orion_Live.entitlements */,
				8494C5102E516A9C004AB96F /* Orion Live */,
				84FEC2312E00E54D00362F8A /* README.md */,
				84FEC2342E00E56900362F8A /* LICENSE */,
				84FEC22F2E00E4E400362F8A /* .gitignore */,
				84A5FDC32E31AE7F00DCD819 /* LaunchScreen.storyboard */,
				84080BA12E28467600F965A1 /* FastVLM */,
				84270E5A2DFAAB5D00AF2664 /* Products */,
				84080BF22E2847DC00F965A1 /* Frameworks */,
			);
			sourceTree = "<group>";
		};
		84270E5A2DFAAB5D00AF2664 /* Products */ = {
			isa = PBXGroup;
			children = (
				84270E592DFAAB5D00AF2664 /* Orion Live.app */,
				84080BB92E28474600F965A1 /* FastVLM.framework */,
			);
			name = Products;
			sourceTree = "<group>";
		};
		8494C4E02E516A9C004AB96F /* Auth */ = {
			isa = PBXGroup;
			children = (
				8494C4DF2E516A9C004AB96F /* AuthManager.swift */,
			);
			path = Auth;
			sourceTree = "<group>";
		};
		8494C4E42E516A9C004AB96F /* Pipeline */ = {
			isa = PBXGroup;
			children = (
				8494C4E12E516A9C004AB96F /* H264Encoder.swift */,
				8494C4E22E516A9C004AB96F /* KeyframePipeline.swift */,
				8494C4E32E516A9C004AB96F /* KeyframeVideoCapturer.swift */,
			);
			path = Pipeline;
			sourceTree = "<group>";
		};
		8494C4E72E516A9C004AB96F /* Camera */ = {
			isa = PBXGroup;
			children = (
				8494C4E42E516A9C004AB96F /* Pipeline */,
				8494C4E52E516A9C004AB96F /* CameraManager.swift */,
				8494C4E62E516A9C004AB96F /* CameraView.swift */,
			);
			path = Camera;
			sourceTree = "<group>";
		};
		8494C4E92E516A9C004AB96F /* model */ = {
			isa = PBXGroup;
			children = (
				8494C4E82E516A9C004AB96F /* yolo11n.mlpackage */,
			);
			path = model;
			sourceTree = "<group>";
		};
		8494C4EB2E516A9C004AB96F /* Detection */ = {
			isa = PBXGroup;
			children = (
				8494C4E92E516A9C004AB96F /* model */,
				8494C4EA2E516A9C004AB96F /* ObjectDetector.swift */,
			);
			path = Detection;
			sourceTree = "<group>";
		};
		8494C4F12E516A9C004AB96F /* Models */ = {
			isa = PBXGroup;
			children = (
				8494C4EC2E516A9C004AB96F /* Detection.swift */,
				8494C4ED2E516A9C004AB96F /* DeviceModels.swift */,
				8494C4EE2E516A9C004AB96F /* FrameAnalysisLog.swift */,
				8494C4EF2E516A9C004AB96F /* LogModels.swift */,
				8494C4F02E516A9C004AB96F /* NetworkDetection.swift */,
			);
			path = Models;
			sourceTree = "<group>";
		};
		8494C4F52E516A9C004AB96F /* Network */ = {
			isa = PBXGroup;
			children = (
				8494C4F22E516A9C004AB96F /* APIService.swift */,
				8494C4F32E516A9C004AB96F /* DeviceManager.swift */,
				8494C4F42E516A9C004AB96F /* WebSocketManager.swift */,
			);
			path = Network;
			sourceTree = "<group>";
		};
		8494C4FD2E516A9C004AB96F /* Utils */ = {
			isa = PBXGroup;
			children = (
				8494C4F62E516A9C004AB96F /* Bbox.swift */,
				8494C4F72E516A9C004AB96F /* Constants.swift */,
				8494C4F82E516A9C004AB96F /* Logger.swift */,
				8494C4F92E516A9C004AB96F /* Quotes.swift */,
				8494C4FA2E516A9C004AB96F /* RTCIceConnectionState+Extensions.swift */,
				8494C4FB2E516A9C004AB96F /* SettingsManager.swift */,
				8494C4FC2E516A9C004AB96F /* SystemCompatibilityManager.swift */,
			);
			path = Utils;
			sourceTree = "<group>";
		};
		8494C5082E516A9C004AB96F /* Views */ = {
			isa = PBXGroup;
			children = (
				8494C4FE2E516A9C004AB96F /* AccountView.swift */,
				8494C4FF2E516A9C004AB96F /* CameraSwitcherOverlay.swift */,
				8494C5002E516A9C004AB96F /* CameraTabView.swift */,
				8494C5012E516A9C004AB96F /* CompatibilityCheckView.swift */,
				8494C5022E516A9C004AB96F /* DebugTabView.swift */,
				8494C5032E516A9C004AB96F /* DevicePairingView.swift */,
				8494C5042E516A9C004AB96F /* LoginView.swift */,
				8494C5052E516A9C004AB96F /* SettingsTabView.swift */,
				8494C5062E516A9C004AB96F /* SettingsView.swift */,
				8494C5072E516A9C004AB96F /* StartView.swift */,
			);
			path = Views;
			sourceTree = "<group>";
		};
		8494C50B2E516A9C004AB96F /* WebRTC */ = {
			isa = PBXGroup;
			children = (
				8494C5092E516A9C004AB96F /* SignalingClient.swift */,
				8494C50A2E516A9C004AB96F /* WebRTCManager.swift */,
			);
			path = WebRTC;
			sourceTree = "<group>";
		};
		8494C5102E516A9C004AB96F /* Orion Live */ = {
			isa = PBXGroup;
			children = (
				8494C4E02E516A9C004AB96F /* Auth */,
				8494C4E72E516A9C004AB96F /* Camera */,
				8494C4EB2E516A9C004AB96F /* Detection */,
				8494C4F12E516A9C004AB96F /* Models */,
				8494C4F52E516A9C004AB96F /* Network */,
				8494C4FD2E516A9C004AB96F /* Utils */,
				8494C5082E516A9C004AB96F /* Views */,
				8494C50B2E516A9C004AB96F /* WebRTC */,
				8494C50C2E516A9C004AB96F /* Assets.xcassets */,
				8494C50D2E516A9C004AB96F /* ContentView.swift */,
				8494C50E2E516A9C004AB96F /* FastVLMModel.swift */,
				8494C50F2E516A9C004AB96F /* Orion_LiveApp.swift */,
			);
			path = "Orion Live";
			sourceTree = "<group>";
		};
/* End PBXGroup section */

/* Begin PBXHeadersBuildPhase section */
		84080BB42E28474600F965A1 /* Headers */ = {
			isa = PBXHeadersBuildPhase;
			buildActionMask = 2147483647;
			files = (
			);
			runOnlyForDeploymentPostprocessing = 0;
		};
/* End PBXHeadersBuildPhase section */

/* Begin PBXNativeTarget section */
		84080BB82E28474600F965A1 /* FastVLM */ = {
			isa = PBXNativeTarget;
			buildConfigurationList = 84080BC42E28474600F965A1 /* Build configuration list for PBXNativeTarget "FastVLM" */;
			buildPhases = (
				84080BB42E28474600F965A1 /* Headers */,
				84080BB52E28474600F965A1 /* Sources */,
				84080BB62E28474600F965A1 /* Frameworks */,
				84080BB72E28474600F965A1 /* Resources */,
			);
			buildRules = (
			);
			dependencies = (
			);
			name = FastVLM;
			packageProductDependencies = (
				84080BF32E2847DC00F965A1 /* Transformers */,
				84080BF52E2847E200F965A1 /* MLX */,
				84080BF72E2847E600F965A1 /* MLXVLM */,
				84080BF92E2847F000F965A1 /* MLXNN */,
				84080BFB2E2847F500F965A1 /* MLXFast */,
				84080BFD2E28481800F965A1 /* MLXLMCommon */,
			);
			productName = FastVLM;
			productReference = 84080BB92E28474600F965A1 /* FastVLM.framework */;
			productType = "com.apple.product-type.framework";
		};
		84270E582DFAAB5D00AF2664 /* Orion Live */ = {
			isa = PBXNativeTarget;
			buildConfigurationList = 84270E7A2DFAAB5F00AF2664 /* Build configuration list for PBXNativeTarget "Orion Live" */;
			buildPhases = (
				84270E552DFAAB5D00AF2664 /* Sources */,
				84270E562DFAAB5D00AF2664 /* Frameworks */,
				84270E572DFAAB5D00AF2664 /* Resources */,
				84080BC22E28474600F965A1 /* Embed Frameworks */,
			);
			buildRules = (
			);
			dependencies = (
				84080BC02E28474600F965A1 /* PBXTargetDependency */,
			);
			fileSystemSynchronizedGroups = (
				84080BA12E28467600F965A1 /* FastVLM */,
			);
			name = "Orion Live";
			packageProductDependencies = (
				844535F22DFAB1CC00F0BC04 /* Starscream */,
				8423D9062E0A696E00463407 /* MLX */,
				8423D90C2E0A696E00463407 /* MLXRandom */,
				8423D90F2E0A69A300463407 /* MLXLMCommon */,
				8423D9112E0A69A300463407 /* MLXVLM */,
				8439DE2F2E2F155700C3850B /* Auth */,
				8439DE312E2F155700C3850B /* Functions */,
				8439DE332E2F155700C3850B /* PostgREST */,
				8439DE352E2F155700C3850B /* Realtime */,
				8439DE372E2F155700C3850B /* Storage */,
				8439DE392E2F155700C3850B /* Supabase */,
				8496D2122E4ED8A000639DA5 /* WebRTC */,
			);
			productName = "Orion Live";
			productReference = 84270E592DFAAB5D00AF2664 /* Orion Live.app */;
			productType = "com.apple.product-type.application";
		};
/* End PBXNativeTarget section */

/* Begin PBXProject section */
		84270E512DFAAB5D00AF2664 /* Project object */ = {
			isa = PBXProject;
			attributes = {
				BuildIndependentTargetsInParallel = 1;
				LastSwiftUpdateCheck = 1640;
				LastUpgradeCheck = 2600;
				TargetAttributes = {
					84080BB82E28474600F965A1 = {
						CreatedOnToolsVersion = 16.4;
					};
					84270E582DFAAB5D00AF2664 = {
						CreatedOnToolsVersion = 26.0;
					};
				};
			};
			buildConfigurationList = 84270E542DFAAB5D00AF2664 /* Build configuration list for PBXProject "Orion Live" */;
			developmentRegion = en;
			hasScannedForEncodings = 0;
			knownRegions = (
				en,
				Base,
			);
			mainGroup = 84270E502DFAAB5D00AF2664;
			minimizedProjectReferenceProxies = 1;
			packageReferences = (
				844535F02DFAB12700F0BC04 /* XCRemoteSwiftPackageReference "Starscream" */,
				8423D9052E0A696E00463407 /* XCRemoteSwiftPackageReference "mlx-swift" */,
				8423D90E2E0A69A300463407 /* XCRemoteSwiftPackageReference "mlx-swift-examples" */,
				8423D9132E0A69B500463407 /* XCRemoteSwiftPackageReference "swift-transformers" */,
				8439DE2E2E2F155700C3850B /* XCRemoteSwiftPackageReference "supabase-swift" */,
				8496D2112E4ED8A000639DA5 /* XCRemoteSwiftPackageReference "WebRTC" */,
			);
			preferredProjectObjectVersion = 77;
			productRefGroup = 84270E5A2DFAAB5D00AF2664 /* Products */;
			projectDirPath = "";
			projectRoot = "";
			targets = (
				84270E582DFAAB5D00AF2664 /* Orion Live */,
				84080BB82E28474600F965A1 /* FastVLM */,
			);
		};
/* End PBXProject section */

/* Begin PBXResourcesBuildPhase section */
		84080BB72E28474600F965A1 /* Resources */ = {
			isa = PBXResourcesBuildPhase;
			buildActionMask = 2147483647;
			files = (
			);
			runOnlyForDeploymentPostprocessing = 0;
		};
		84270E572DFAAB5D00AF2664 /* Resources */ = {
			isa = PBXResourcesBuildPhase;
			buildActionMask = 2147483647;
			files = (
				84FEC2352E00E56C00362F8A /* LICENSE in Resources */,
				84A5FDC42E31AE7F00DCD819 /* LaunchScreen.storyboard in Resources */,
				8494C5112E516A9C004AB96F /* Assets.xcassets in Resources */,
				84FEC2302E00E4E400362F8A /* .gitignore in Resources */,
			);
			runOnlyForDeploymentPostprocessing = 0;
		};
/* End PBXResourcesBuildPhase section */

/* Begin PBXSourcesBuildPhase section */
		84080BB52E28474600F965A1 /* Sources */ = {
			isa = PBXSourcesBuildPhase;
			buildActionMask = 2147483647;
			files = (
			);
			runOnlyForDeploymentPostprocessing = 0;
		};
		84270E552DFAAB5D00AF2664 /* Sources */ = {
			isa = PBXSourcesBuildPhase;
			buildActionMask = 2147483647;
			files = (
				8494C5122E516A9C004AB96F /* LogModels.swift in Sources */,
				8494C5132E516A9C004AB96F /* DebugTabView.swift in Sources */,
				8494C5142E516A9C004AB96F /* Quotes.swift in Sources */,
				8494C5152E516A9C004AB96F /* CompatibilityCheckView.swift in Sources */,
				8494C5162E516A9C004AB96F /* Orion_LiveApp.swift in Sources */,
				8494C5172E516A9C004AB96F /* DeviceModels.swift in Sources */,
				8494C5182E516A9C004AB96F /* CameraManager.swift in Sources */,
				8494C5192E516A9C004AB96F /* DeviceManager.swift in Sources */,
				8494C51A2E516A9C004AB96F /* ContentView.swift in Sources */,
				8494C51B2E516A9C004AB96F /* RTCIceConnectionState+Extensions.swift in Sources */,
				8494C51C2E516A9C004AB96F /* APIService.swift in Sources */,
				8494C51D2E516A9C004AB96F /* Logger.swift in Sources */,
				8494C51E2E516A9C004AB96F /* SystemCompatibilityManager.swift in Sources */,
				8494C51F2E516A9C004AB96F /* Detection.swift in Sources */,
				8494C5202E516A9C004AB96F /* AuthManager.swift in Sources */,
				8494C5212E516A9C004AB96F /* CameraView.swift in Sources */,
				8494C5222E516A9C004AB96F /* FastVLMModel.swift in Sources */,
				8494C5232E516A9C004AB96F /* LoginView.swift in Sources */,
				8494C5242E516A9C004AB96F /* CameraSwitcherOverlay.swift in Sources */,
				8494C5252E516A9C004AB96F /* yolo11n.mlpackage in Sources */,
				8494C5262E516A9C004AB96F /* KeyframeVideoCapturer.swift in Sources */,
				8494C5272E516A9C004AB96F /* CameraTabView.swift in Sources */,
				8494C5282E516A9C004AB96F /* H264Encoder.swift in Sources */,
				8494C5292E516A9C004AB96F /* Constants.swift in Sources */,
				8494C52A2E516A9C004AB96F /* StartView.swift in Sources */,
				8494C52B2E516A9C004AB96F /* Bbox.swift in Sources */,
				8494C52C2E516A9C004AB96F /* DevicePairingView.swift in Sources */,
				8494C52D2E516A9C004AB96F /* FrameAnalysisLog.swift in Sources */,
				8494C52E2E516A9C004AB96F /* SettingsView.swift in Sources */,
				8494C52F2E516A9C004AB96F /* SignalingClient.swift in Sources */,
				8494C5302E516A9C004AB96F /* NetworkDetection.swift in Sources */,
				8494C5312E516A9C004AB96F /* ObjectDetector.swift in Sources */,
				8494C5322E516A9C004AB96F /* WebSocketManager.swift in Sources */,
				8494C5332E516A9C004AB96F /* SettingsTabView.swift in Sources */,
				8494C5342E516A9C004AB96F /* SettingsManager.swift in Sources */,
				8494C5352E516A9C004AB96F /* AccountView.swift in Sources */,
				8494C5362E516A9C004AB96F /* KeyframePipeline.swift in Sources */,
				8494C5372E516A9C004AB96F /* WebRTCManager.swift in Sources */,
			);
			runOnlyForDeploymentPostprocessing = 0;
		};
/* End PBXSourcesBuildPhase section */

/* Begin PBXTargetDependency section */
		84080BC02E28474600F965A1 /* PBXTargetDependency */ = {
			isa = PBXTargetDependency;
			target = 84080BB82E28474600F965A1 /* FastVLM */;
			targetProxy = 84080BBF2E28474600F965A1 /* PBXContainerItemProxy */;
		};
/* End PBXTargetDependency section */

/* Begin XCBuildConfiguration section */
		84080BC52E28474600F965A1 /* Debug */ = {
			isa = XCBuildConfiguration;
			buildSettings = {
				BUILD_LIBRARY_FOR_DISTRIBUTION = NO;
				CODE_SIGN_STYLE = Automatic;
				CURRENT_PROJECT_VERSION = 1;
				DEVELOPMENT_TEAM = TB6CA879K5;
				DYLIB_COMPATIBILITY_VERSION = 1;
				DYLIB_CURRENT_VERSION = 1;
				DYLIB_INSTALL_NAME_BASE = "@rpath";
				ENABLE_MODULE_VERIFIER = YES;
				GENERATE_INFOPLIST_FILE = YES;
				INFOPLIST_KEY_NSHumanReadableCopyright = "";
				INSTALL_PATH = "$(LOCAL_LIBRARY_DIR)/Frameworks";
				IPHONEOS_DEPLOYMENT_TARGET = 18.0;
				LD_RUNPATH_SEARCH_PATHS = (
					"$(inherited)",
					"@executable_path/Frameworks",
					"@loader_path/Frameworks",
				);
				MARKETING_VERSION = 1.0;
				MODULE_VERIFIER_SUPPORTED_LANGUAGES = "objective-c objective-c++";
				MODULE_VERIFIER_SUPPORTED_LANGUAGE_STANDARDS = "gnu17 gnu++20";
				PRODUCT_BUNDLE_IDENTIFIER = riddhimanrana.fastvlm;
				PRODUCT_NAME = "$(TARGET_NAME:c99extidentifier)";
				SKIP_INSTALL = YES;
				SWIFT_EMIT_LOC_STRINGS = YES;
				SWIFT_INSTALL_MODULE = YES;
				SWIFT_INSTALL_OBJC_HEADER = NO;
				SWIFT_VERSION = 5.0;
				TARGETED_DEVICE_FAMILY = "1,2";
				VERSIONING_SYSTEM = "apple-generic";
				VERSION_INFO_PREFIX = "";
			};
			name = Debug;
		};
		84080BC62E28474600F965A1 /* Release */ = {
			isa = XCBuildConfiguration;
			buildSettings = {
				BUILD_LIBRARY_FOR_DISTRIBUTION = NO;
				CODE_SIGN_STYLE = Automatic;
				CURRENT_PROJECT_VERSION = 1;
				DEVELOPMENT_TEAM = TB6CA879K5;
				DYLIB_COMPATIBILITY_VERSION = 1;
				DYLIB_CURRENT_VERSION = 1;
				DYLIB_INSTALL_NAME_BASE = "@rpath";
				ENABLE_MODULE_VERIFIER = YES;
				GENERATE_INFOPLIST_FILE = YES;
				INFOPLIST_KEY_NSHumanReadableCopyright = "";
				INSTALL_PATH = "$(LOCAL_LIBRARY_DIR)/Frameworks";
				IPHONEOS_DEPLOYMENT_TARGET = 18.0;
				LD_RUNPATH_SEARCH_PATHS = (
					"$(inherited)",
					"@executable_path/Frameworks",
					"@loader_path/Frameworks",
				);
				MARKETING_VERSION = 1.0;
				MODULE_VERIFIER_SUPPORTED_LANGUAGES = "objective-c objective-c++";
				MODULE_VERIFIER_SUPPORTED_LANGUAGE_STANDARDS = "gnu17 gnu++20";
				PRODUCT_BUNDLE_IDENTIFIER = riddhimanrana.fastvlm;
				PRODUCT_NAME = "$(TARGET_NAME:c99extidentifier)";
				SKIP_INSTALL = YES;
				SWIFT_EMIT_LOC_STRINGS = YES;
				SWIFT_INSTALL_MODULE = YES;
				SWIFT_INSTALL_OBJC_HEADER = NO;
				SWIFT_VERSION = 5.0;
				TARGETED_DEVICE_FAMILY = "1,2";
				VERSIONING_SYSTEM = "apple-generic";
				VERSION_INFO_PREFIX = "";
			};
			name = Release;
		};
		84270E782DFAAB5F00AF2664 /* Debug */ = {
			isa = XCBuildConfiguration;
			buildSettings = {
				ALWAYS_SEARCH_USER_PATHS = NO;
				ASSETCATALOG_COMPILER_GENERATE_SWIFT_ASSET_SYMBOL_EXTENSIONS = YES;
				CLANG_ANALYZER_NONNULL = YES;
				CLANG_ANALYZER_NUMBER_OBJECT_CONVERSION = YES_AGGRESSIVE;
				CLANG_CXX_LANGUAGE_STANDARD = "gnu++20";
				CLANG_ENABLE_MODULES = YES;
				CLANG_ENABLE_OBJC_ARC = YES;
				CLANG_ENABLE_OBJC_WEAK = YES;
				CLANG_WARN_BLOCK_CAPTURE_AUTORELEASING = YES;
				CLANG_WARN_BOOL_CONVERSION = YES;
				CLANG_WARN_COMMA = YES;
				CLANG_WARN_CONSTANT_CONVERSION = YES;
				CLANG_WARN_DEPRECATED_OBJC_IMPLEMENTATIONS = YES;
				CLANG_WARN_DIRECT_OBJC_ISA_USAGE = YES_ERROR;
				CLANG_WARN_DOCUMENTATION_COMMENTS = YES;
				CLANG_WARN_EMPTY_BODY = YES;
				CLANG_WARN_ENUM_CONVERSION = YES;
				CLANG_WARN_INFINITE_RECURSION = YES;
				CLANG_WARN_INT_CONVERSION = YES;
				CLANG_WARN_NON_LITERAL_NULL_CONVERSION = YES;
				CLANG_WARN_OBJC_IMPLICIT_RETAIN_SELF = YES;
				CLANG_WARN_OBJC_LITERAL_CONVERSION = YES;
				CLANG_WARN_OBJC_ROOT_CLASS = YES_ERROR;
				CLANG_WARN_QUOTED_INCLUDE_IN_FRAMEWORK_HEADER = YES;
				CLANG_WARN_RANGE_LOOP_ANALYSIS = YES;
				CLANG_WARN_STRICT_PROTOTYPES = YES;
				CLANG_WARN_SUSPICIOUS_MOVE = YES;
				CLANG_WARN_UNGUARDED_AVAILABILITY = YES_AGGRESSIVE;
				CLANG_WARN_UNREACHABLE_CODE = YES;
				CLANG_WARN__DUPLICATE_METHOD_MATCH = YES;
				COPY_PHASE_STRIP = NO;
				DEBUG_INFORMATION_FORMAT = dwarf;
				ENABLE_STRICT_OBJC_MSGSEND = YES;
				ENABLE_TESTABILITY = YES;
				ENABLE_USER_SCRIPT_SANDBOXING = YES;
				GCC_C_LANGUAGE_STANDARD = gnu17;
				GCC_DYNAMIC_NO_PIC = NO;
				GCC_NO_COMMON_BLOCKS = YES;
				GCC_OPTIMIZATION_LEVEL = 0;
				GCC_PREPROCESSOR_DEFINITIONS = (
					"DEBUG=1",
					"$(inherited)",
				);
				GCC_WARN_64_TO_32_BIT_CONVERSION = YES;
				GCC_WARN_ABOUT_RETURN_TYPE = YES_ERROR;
				GCC_WARN_UNDECLARED_SELECTOR = YES;
				GCC_WARN_UNINITIALIZED_AUTOS = YES_AGGRESSIVE;
				GCC_WARN_UNUSED_FUNCTION = YES;
				GCC_WARN_UNUSED_VARIABLE = YES;
				IPHONEOS_DEPLOYMENT_TARGET = 18.0;
				LOCALIZATION_PREFERS_STRING_CATALOGS = YES;
				MTL_ENABLE_DEBUG_INFO = INCLUDE_SOURCE;
				MTL_FAST_MATH = YES;
				ONLY_ACTIVE_ARCH = YES;
				SDKROOT = iphoneos;
				SWIFT_ACTIVE_COMPILATION_CONDITIONS = "DEBUG $(inherited)";
				SWIFT_OPTIMIZATION_LEVEL = "-Onone";
			};
			name = Debug;
		};
		84270E792DFAAB5F00AF2664 /* Release */ = {
			isa = XCBuildConfiguration;
			buildSettings = {
				ALWAYS_SEARCH_USER_PATHS = NO;
				ASSETCATALOG_COMPILER_GENERATE_SWIFT_ASSET_SYMBOL_EXTENSIONS = YES;
				CLANG_ANALYZER_NONNULL = YES;
				CLANG_ANALYZER_NUMBER_OBJECT_CONVERSION = YES_AGGRESSIVE;
				CLANG_CXX_LANGUAGE_STANDARD = "gnu++20";
				CLANG_ENABLE_MODULES = YES;
				CLANG_ENABLE_OBJC_ARC = YES;
				CLANG_ENABLE_OBJC_WEAK = YES;
				CLANG_WARN_BLOCK_CAPTURE_AUTORELEASING = YES;
				CLANG_WARN_BOOL_CONVERSION = YES;
				CLANG_WARN_COMMA = YES;
				CLANG_WARN_CONSTANT_CONVERSION = YES;
				CLANG_WARN_DEPRECATED_OBJC_IMPLEMENTATIONS = YES;
				CLANG_WARN_DIRECT_OBJC_ISA_USAGE = YES_ERROR;
				CLANG_WARN_DOCUMENTATION_COMMENTS = YES;
				CLANG_WARN_EMPTY_BODY = YES;
				CLANG_WARN_ENUM_CONVERSION = YES;
				CLANG_WARN_INFINITE_RECURSION = YES;
				CLANG_WARN_INT_CONVERSION = YES;
				CLANG_WARN_NON_LITERAL_NULL_CONVERSION = YES;
				CLANG_WARN_OBJC_IMPLICIT_RETAIN_SELF = YES;
				CLANG_WARN_OBJC_LITERAL_CONVERSION = YES;
				CLANG_WARN_OBJC_ROOT_CLASS = YES_ERROR;
				CLANG_WARN_QUOTED_INCLUDE_IN_FRAMEWORK_HEADER = YES;
				CLANG_WARN_RANGE_LOOP_ANALYSIS = YES;
				CLANG_WARN_STRICT_PROTOTYPES = YES;
				CLANG_WARN_SUSPICIOUS_MOVE = YES;
				CLANG_WARN_UNGUARDED_AVAILABILITY = YES_AGGRESSIVE;
				CLANG_WARN_UNREACHABLE_CODE = YES;
				CLANG_WARN__DUPLICATE_METHOD_MATCH = YES;
				COPY_PHASE_STRIP = NO;
				DEBUG_INFORMATION_FORMAT = "dwarf-with-dsym";
				ENABLE_NS_ASSERTIONS = NO;
				ENABLE_STRICT_OBJC_MSGSEND = YES;
				ENABLE_USER_SCRIPT_SANDBOXING = YES;
				GCC_C_LANGUAGE_STANDARD = gnu17;
				GCC_NO_COMMON_BLOCKS = YES;
				GCC_WARN_64_TO_32_BIT_CONVERSION = YES;
				GCC_WARN_ABOUT_RETURN_TYPE = YES_ERROR;
				GCC_WARN_UNDECLARED_SELECTOR = YES;
				GCC_WARN_UNINITIALIZED_AUTOS = YES_AGGRESSIVE;
				GCC_WARN_UNUSED_FUNCTION = YES;
				GCC_WARN_UNUSED_VARIABLE = YES;
				IPHONEOS_DEPLOYMENT_TARGET = 18.0;
				LOCALIZATION_PREFERS_STRING_CATALOGS = YES;
				MTL_ENABLE_DEBUG_INFO = NO;
				MTL_FAST_MATH = YES;
				SDKROOT = iphoneos;
				SWIFT_COMPILATION_MODE = wholemodule;
				VALIDATE_PRODUCT = YES;
			};
			name = Release;
		};
		84270E7B2DFAAB5F00AF2664 /* Debug */ = {
			isa = XCBuildConfiguration;
			buildSettings = {
				ASSETCATALOG_COMPILER_APPICON_NAME = AppIcon;
				ASSETCATALOG_COMPILER_GLOBAL_ACCENT_COLOR_NAME = AccentColor;
				ASSETCATALOG_COMPILER_INCLUDE_ALL_APPICON_ASSETS = NO;
				CODE_SIGN_ENTITLEMENTS = Orion_Live.entitlements;
				CODE_SIGN_STYLE = Automatic;
				CURRENT_PROJECT_VERSION = 0.1.0;
				DEVELOPMENT_TEAM = TB6CA879K5;
				ENABLE_PREVIEWS = YES;
				GENERATE_INFOPLIST_FILE = YES;
				INFOPLIST_FILE = Info.plist;
				INFOPLIST_KEY_CFBundleDisplayName = "Orion Live";
				INFOPLIST_KEY_LSApplicationCategoryType = "public.app-category.video";
				INFOPLIST_KEY_NSCameraUsageDescription = "Orion Live needs access to your camera to provide real-time visual intelligence.";
				INFOPLIST_KEY_UIApplicationSceneManifest_Generation = YES;
				INFOPLIST_KEY_UIApplicationSupportsIndirectInputEvents = YES;
				INFOPLIST_KEY_UILaunchStoryboardName = LaunchScreen;
				INFOPLIST_KEY_UIRequiresFullScreen = YES;
				INFOPLIST_KEY_UIStatusBarHidden = NO;
				INFOPLIST_KEY_UIStatusBarStyle = "";
				INFOPLIST_KEY_UISupportedInterfaceOrientations = UIInterfaceOrientationPortrait;
				IPHONEOS_DEPLOYMENT_TARGET = 18.0;
				LD_RUNPATH_SEARCH_PATHS = (
					"$(inherited)",
					"@executable_path/Frameworks",
				);
				MARKETING_VERSION = 1.0;
				PRODUCT_BUNDLE_IDENTIFIER = riddhimanrana.orionlive;
				PRODUCT_NAME = "$(TARGET_NAME)";
				STRING_CATALOG_GENERATE_SYMBOLS = YES;
				SWIFT_DEFAULT_ACTOR_ISOLATION = MainActor;
				SWIFT_EMIT_LOC_STRINGS = YES;
				SWIFT_UPCOMING_FEATURE_MEMBER_IMPORT_VISIBILITY = YES;
				SWIFT_VERSION = 5.0;
				TARGETED_DEVICE_FAMILY = "1,2";
			};
			name = Debug;
		};
		84270E7C2DFAAB5F00AF2664 /* Release */ = {
			isa = XCBuildConfiguration;
			buildSettings = {
				ASSETCATALOG_COMPILER_APPICON_NAME = AppIcon;
				ASSETCATALOG_COMPILER_GLOBAL_ACCENT_COLOR_NAME = AccentColor;
				ASSETCATALOG_COMPILER_INCLUDE_ALL_APPICON_ASSETS = NO;
				CODE_SIGN_ENTITLEMENTS = Orion_Live.entitlements;
				CODE_SIGN_STYLE = Automatic;
				CURRENT_PROJECT_VERSION = 0.1.0;
				DEVELOPMENT_TEAM = TB6CA879K5;
				ENABLE_PREVIEWS = YES;
				GENERATE_INFOPLIST_FILE = YES;
				INFOPLIST_FILE = Info.plist;
				INFOPLIST_KEY_CFBundleDisplayName = "Orion Live";
				INFOPLIST_KEY_LSApplicationCategoryType = "public.app-category.video";
				INFOPLIST_KEY_NSCameraUsageDescription = "Orion Live needs access to your camera to provide real-time visual intelligence.";
				INFOPLIST_KEY_UIApplicationSceneManifest_Generation = YES;
				INFOPLIST_KEY_UIApplicationSupportsIndirectInputEvents = YES;
				INFOPLIST_KEY_UILaunchStoryboardName = LaunchScreen;
				INFOPLIST_KEY_UIRequiresFullScreen = YES;
				INFOPLIST_KEY_UIStatusBarHidden = NO;
				INFOPLIST_KEY_UIStatusBarStyle = "";
				INFOPLIST_KEY_UISupportedInterfaceOrientations = UIInterfaceOrientationPortrait;
				IPHONEOS_DEPLOYMENT_TARGET = 18.0;
				LD_RUNPATH_SEARCH_PATHS = (
					"$(inherited)",
					"@executable_path/Frameworks",
				);
				MARKETING_VERSION = 1.0;
				PRODUCT_BUNDLE_IDENTIFIER = riddhimanrana.orionlive;
				PRODUCT_NAME = "$(TARGET_NAME)";
				STRING_CATALOG_GENERATE_SYMBOLS = YES;
				SWIFT_DEFAULT_ACTOR_ISOLATION = MainActor;
				SWIFT_EMIT_LOC_STRINGS = YES;
				SWIFT_UPCOMING_FEATURE_MEMBER_IMPORT_VISIBILITY = YES;
				SWIFT_VERSION = 5.0;
				TARGETED_DEVICE_FAMILY = "1,2";
			};
			name = Release;
		};
/* End XCBuildConfiguration section */

/* Begin XCConfigurationList section */
		84080BC42E28474600F965A1 /* Build configuration list for PBXNativeTarget "FastVLM" */ = {
			isa = XCConfigurationList;
			buildConfigurations = (
				84080BC52E28474600F965A1 /* Debug */,
				84080BC62E28474600F965A1 /* Release */,
			);
			defaultConfigurationIsVisible = 0;
			defaultConfigurationName = Release;
		};
		84270E542DFAAB5D00AF2664 /* Build configuration list for PBXProject "Orion Live" */ = {
			isa = XCConfigurationList;
			buildConfigurations = (
				84270E782DFAAB5F00AF2664 /* Debug */,
				84270E792DFAAB5F00AF2664 /* Release */,
			);
			defaultConfigurationIsVisible = 0;
			defaultConfigurationName = Release;
		};
		84270E7A2DFAAB5F00AF2664 /* Build configuration list for PBXNativeTarget "Orion Live" */ = {
			isa = XCConfigurationList;
			buildConfigurations = (
				84270E7B2DFAAB5F00AF2664 /* Debug */,
				84270E7C2DFAAB5F00AF2664 /* Release */,
			);
			defaultConfigurationIsVisible = 0;
			defaultConfigurationName = Release;
		};
/* End XCConfigurationList section */

/* Begin XCRemoteSwiftPackageReference section */
		8423D9052E0A696E00463407 /* XCRemoteSwiftPackageReference "mlx-swift" */ = {
			isa = XCRemoteSwiftPackageReference;
			repositoryURL = "https://github.com/ml-explore/mlx-swift";
			requirement = {
				kind = upToNextMajorVersion;
				minimumVersion = 0.21.2;
			};
		};
		8423D90E2E0A69A300463407 /* XCRemoteSwiftPackageReference "mlx-swift-examples" */ = {
			isa = XCRemoteSwiftPackageReference;
			repositoryURL = "https://github.com/ml-explore/mlx-swift-examples";
			requirement = {
				kind = exactVersion;
				version = 2.21.2;
			};
		};
		8423D9132E0A69B500463407 /* XCRemoteSwiftPackageReference "swift-transformers" */ = {
			isa = XCRemoteSwiftPackageReference;
			repositoryURL = "https://github.com/huggingface/swift-transformers";
			requirement = {
				kind = exactVersion;
				version = 0.1.18;
			};
		};
		8439DE2E2E2F155700C3850B /* XCRemoteSwiftPackageReference "supabase-swift" */ = {
			isa = XCRemoteSwiftPackageReference;
			repositoryURL = "https://github.com/supabase/supabase-swift";
			requirement = {
				kind = upToNextMajorVersion;
				minimumVersion = 2.5.1;
			};
		};
		844535F02DFAB12700F0BC04 /* XCRemoteSwiftPackageReference "Starscream" */ = {
			isa = XCRemoteSwiftPackageReference;
			repositoryURL = "https://github.com/daltoniam/Starscream";
			requirement = {
				kind = upToNextMajorVersion;
				minimumVersion = 4.0.8;
			};
		};
		8496D2112E4ED8A000639DA5 /* XCRemoteSwiftPackageReference "WebRTC" */ = {
			isa = XCRemoteSwiftPackageReference;
			repositoryURL = "https://github.com/stasel/WebRTC";
			requirement = {
				kind = upToNextMajorVersion;
				minimumVersion = 138.0.0;
			};
		};
/* End XCRemoteSwiftPackageReference section */

/* Begin XCSwiftPackageProductDependency section */
		84080BF32E2847DC00F965A1 /* Transformers */ = {
			isa = XCSwiftPackageProductDependency;
			package = 8423D9132E0A69B500463407 /* XCRemoteSwiftPackageReference "swift-transformers" */;
			productName = Transformers;
		};
		84080BF52E2847E200F965A1 /* MLX */ = {
			isa = XCSwiftPackageProductDependency;
			package = 8423D9052E0A696E00463407 /* XCRemoteSwiftPackageReference "mlx-swift" */;
			productName = MLX;
		};
		84080BF72E2847E600F965A1 /* MLXVLM */ = {
			isa = XCSwiftPackageProductDependency;
			package = 8423D90E2E0A69A300463407 /* XCRemoteSwiftPackageReference "mlx-swift-examples" */;
			productName = MLXVLM;
		};
		84080BF92E2847F000F965A1 /* MLXNN */ = {
			isa = XCSwiftPackageProductDependency;
			package = 8423D9052E0A696E00463407 /* XCRemoteSwiftPackageReference "mlx-swift" */;
			productName = MLXNN;
		};
		84080BFB2E2847F500F965A1 /* MLXFast */ = {
			isa = XCSwiftPackageProductDependency;
			package = 8423D9052E0A696E00463407 /* XCRemoteSwiftPackageReference "mlx-swift" */;
			productName = MLXFast;
		};
		84080BFD2E28481800F965A1 /* MLXLMCommon */ = {
			isa = XCSwiftPackageProductDependency;
			package = 8423D90E2E0A69A300463407 /* XCRemoteSwiftPackageReference "mlx-swift-examples" */;
			productName = MLXLMCommon;
		};
		8423D9062E0A696E00463407 /* MLX */ = {
			isa = XCSwiftPackageProductDependency;
			package = 8423D9052E0A696E00463407 /* XCRemoteSwiftPackageReference "mlx-swift" */;
			productName = MLX;
		};
		8423D90C2E0A696E00463407 /* MLXRandom */ = {
			isa = XCSwiftPackageProductDependency;
			package = 8423D9052E0A696E00463407 /* XCRemoteSwiftPackageReference "mlx-swift" */;
			productName = MLXRandom;
		};
		8423D90F2E0A69A300463407 /* MLXLMCommon */ = {
			isa = XCSwiftPackageProductDependency;
			package = 8423D90E2E0A69A300463407 /* XCRemoteSwiftPackageReference "mlx-swift-examples" */;
			productName = MLXLMCommon;
		};
		8423D9112E0A69A300463407 /* MLXVLM */ = {
			isa = XCSwiftPackageProductDependency;
			package = 8423D90E2E0A69A300463407 /* XCRemoteSwiftPackageReference "mlx-swift-examples" */;
			productName = MLXVLM;
		};
		8439DE2F2E2F155700C3850B /* Auth */ = {
			isa = XCSwiftPackageProductDependency;
			package = 8439DE2E2E2F155700C3850B /* XCRemoteSwiftPackageReference "supabase-swift" */;
			productName = Auth;
		};
		8439DE312E2F155700C3850B /* Functions */ = {
			isa = XCSwiftPackageProductDependency;
			package = 8439DE2E2E2F155700C3850B /* XCRemoteSwiftPackageReference "supabase-swift" */;
			productName = Functions;
		};
		8439DE332E2F155700C3850B /* PostgREST */ = {
			isa = XCSwiftPackageProductDependency;
			package = 8439DE2E2E2F155700C3850B /* XCRemoteSwiftPackageReference "supabase-swift" */;
			productName = PostgREST;
		};
		8439DE352E2F155700C3850B /* Realtime */ = {
			isa = XCSwiftPackageProductDependency;
			package = 8439DE2E2E2F155700C3850B /* XCRemoteSwiftPackageReference "supabase-swift" */;
			productName = Realtime;
		};
		8439DE372E2F155700C3850B /* Storage */ = {
			isa = XCSwiftPackageProductDependency;
			package = 8439DE2E2E2F155700C3850B /* XCRemoteSwiftPackageReference "supabase-swift" */;
			productName = Storage;
		};
		8439DE392E2F155700C3850B /* Supabase */ = {
			isa = XCSwiftPackageProductDependency;
			package = 8439DE2E2E2F155700C3850B /* XCRemoteSwiftPackageReference "supabase-swift" */;
			productName = Supabase;
		};
		844535F22DFAB1CC00F0BC04 /* Starscream */ = {
			isa = XCSwiftPackageProductDependency;
			package = 844535F02DFAB12700F0BC04 /* XCRemoteSwiftPackageReference "Starscream" */;
			productName = Starscream;
		};
		8496D2122E4ED8A000639DA5 /* WebRTC */ = {
			isa = XCSwiftPackageProductDependency;
			package = 8496D2112E4ED8A000639DA5 /* XCRemoteSwiftPackageReference "WebRTC" */;
			productName = WebRTC;
		};
/* End XCSwiftPackageProductDependency section */
	};
	rootObject = 84270E512DFAAB5D00AF2664 /* Project object */;
}
